Microsoft Visual Studio Solution File, Format Version 12.00
# Visual Studio Version 17
VisualStudioVersion = 17.5.2.0
MinimumVisualStudioVersion = 10.0.40219.1
Project("{FAE04EC0-301F-11D3-BF4B-00C04F79EFBC}") = "LoginAutomation", "LoginAutomation.csproj", "{D30A5CE4-DAF4-F136-D4FA-F5857FA5E6AB}"
EndProject
Global
	GlobalSection(SolutionConfigurationPlatforms) = preSolution
		Debug|Any CPU = Debug|Any CPU
		Release|Any CPU = Release|Any CPU
	EndGlobalSection
	GlobalSection(ProjectConfigurationPlatforms) = postSolution
		{D30A5CE4-DAF4-F136-D4FA-F5857FA5E6AB}.Debug|Any CPU.ActiveCfg = Debug|Any CPU
		{D30A5CE4-DAF4-F136-D4FA-F5857FA5E6AB}.Debug|Any CPU.Build.0 = Debug|Any CPU
		{D30A5CE4-DAF4-F136-D4FA-F5857FA5E6AB}.Release|Any CPU.ActiveCfg = Release|Any CPU
		{D30A5CE4-DAF4-F136-D4FA-F5857FA5E6AB}.Release|Any CPU.Build.0 = Release|Any CPU
	EndGlobalSection
	GlobalSection(SolutionProperties) = preSolution
		HideSolutionNode = FALSE
	EndGlobalSection
	GlobalSection(ExtensibilityGlobals) = postSolution
		SolutionGuid = {EA72BC62-5024-49D0-8AFD-9F735D228364}
	EndGlobalSection
EndGlobal
